// !$*UTF8*$!
{
	archiveVersion = 1;
	classes = {
	};
	objectVersion = 56;
	objects = {

/* Begin PBXBuildFile section */
		C84A1BDB2BF7E73500E41A94 /* MealDB_DTOApp.swift in Sources */ = {isa = PBXBuildFile; fileRef = C84A1BDA2BF7E73500E41A94 /* MealDB_DTOApp.swift */; };
		C84A1BDD2BF7E73500E41A94 /* ContentView.swift in Sources */ = {isa = PBXBuildFile; fileRef = C84A1BDC2BF7E73500E41A94 /* ContentView.swift */; };
		C84A1BDF2BF7E73600E41A94 /* Assets.xcassets in Resources */ = {isa = PBXBuildFile; fileRef = C84A1BDE2BF7E73600E41A94 /* Assets.xcassets */; };
		C84A1BE22BF7E73600E41A94 /* Preview Assets.xcassets in Resources */ = {isa = PBXBuildFile; fileRef = C84A1BE12BF7E73600E41A94 /* Preview Assets.xcassets */; };
		C84A1BED2BF7E7A100E41A94 /* RecipeDetail.json in Resources */ = {isa = PBXBuildFile; fileRef = C84A1BEC2BF7E7A100E41A94 /* RecipeDetail.json */; };
		C84A1BEF2BF7E7D100E41A94 /* RecipeDetail.swift in Sources */ = {isa = PBXBuildFile; fileRef = C84A1BEE2BF7E7D100E41A94 /* RecipeDetail.swift */; };
		C84A1BF32BF7E7DA00E41A94 /* RecipeDetailDTO.swift in Sources */ = {isa = PBXBuildFile; fileRef = C84A1BF02BF7E7DA00E41A94 /* RecipeDetailDTO.swift */; };
		C84A1BF42BF7E7DA00E41A94 /* RecipesDTO.swift in Sources */ = {isa = PBXBuildFile; fileRef = C84A1BF12BF7E7DA00E41A94 /* RecipesDTO.swift */; };
		C84A1BF62BF7F7CE00E41A94 /* ViewModel.swift in Sources */ = {isa = PBXBuildFile; fileRef = C84A1BF52BF7F7CE00E41A94 /* ViewModel.swift */; };
/* End PBXBuildFile section */

/* Begin PBXFileReference section */
		C84A1BD72BF7E73500E41A94 /* MealDB-DTO.app */ = {isa = PBXFileReference; explicitFileType = wrapper.application; includeInIndex = 0; path = "MealDB-DTO.app"; sourceTree = BUILT_PRODUCTS_DIR; };
		C84A1BDA2BF7E73500E41A94 /* MealDB_DTOApp.swift */ = {isa = PBXFileReference; lastKnownFileType = sourcecode.swift; path = MealDB_DTOApp.swift; sourceTree = "<group>"; };
		C84A1BDC2BF7E73500E41A94 /* ContentView.swift */ = {isa = PBXFileReference; lastKnownFileType = sourcecode.swift; path = ContentView.swift; sourceTree = "<group>"; };
		C84A1BDE2BF7E73600E41A94 /* Assets.xcassets */ = {isa = PBXFileReference; lastKnownFileType = folder.assetcatalog; path = Assets.xcassets; sourceTree = "<group>"; };
		C84A1BE12BF7E73600E41A94 /* Preview Assets.xcassets */ = {isa = PBXFileReference; lastKnownFileType = folder.assetcatalog; path = "Preview Assets.xcassets"; sourceTree = "<group>"; };
		C84A1BE32BF7E73600E41A94 /* MealDB_DTO.entitlements */ = {isa = PBXFileReference; lastKnownFileType = text.plist.entitlements; path = MealDB_DTO.entitlements; sourceTree = "<group>"; };
		C84A1BEC2BF7E7A100E41A94 /* RecipeDetail.json */ = {isa = PBXFileReference; lastKnownFileType = text.json; path = RecipeDetail.json; sourceTree = "<group>"; };
		C84A1BEE2BF7E7D100E41A94 /* RecipeDetail.swift */ = {isa = PBXFileReference; fileEncoding = 4; lastKnownFileType = sourcecode.swift; path = RecipeDetail.swift; sourceTree = "<group>"; };
		C84A1BF02BF7E7DA00E41A94 /* RecipeDetailDTO.swift */ = {isa = PBXFileReference; fileEncoding = 4; lastKnownFileType = sourcecode.swift; path = RecipeDetailDTO.swift; sourceTree = "<group>"; };
		C84A1BF12BF7E7DA00E41A94 /* RecipesDTO.swift */ = {isa = PBXFileReference; fileEncoding = 4; lastKnownFileType = sourcecode.swift; path = RecipesDTO.swift; sourceTree = "<group>"; };
		C84A1BF52BF7F7CE00E41A94 /* ViewModel.swift */ = {isa = PBXFileReference; lastKnownFileType = sourcecode.swift; path = ViewModel.swift; sourceTree = "<group>"; };
/* End PBXFileReference section */

/* Begin PBXFrameworksBuildPhase section */
		C84A1BD42BF7E73500E41A94 /* Frameworks */ = {
			isa = PBXFrameworksBuildPhase;
			buildActionMask = 2147483647;
			files = (
			);
			runOnlyForDeploymentPostprocessing = 0;
		};
/* End PBXFrameworksBuildPhase section */

/* Begin PBXGroup section */
		C84A1BCE2BF7E73500E41A94 = {
			isa = PBXGroup;
			children = (
				C84A1BD92BF7E73500E41A94 /* MealDB-DTO */,
				C84A1BD82BF7E73500E41A94 /* Products */,
			);
			sourceTree = "<group>";
		};
		C84A1BD82BF7E73500E41A94 /* Products */ = {
			isa = PBXGroup;
			children = (
				C84A1BD72BF7E73500E41A94 /* MealDB-DTO.app */,
			);
			name = Products;
			sourceTree = "<group>";
		};
		C84A1BD92BF7E73500E41A94 /* MealDB-DTO */ = {
			isa = PBXGroup;
			children = (
				C84A1BEA2BF7E76000E41A94 /* Models */,
				C84A1BDC2BF7E73500E41A94 /* ContentView.swift */,
				C84A1BEB2BF7E76F00E41A94 /* JSON */,
				C84A1BE02BF7E73600E41A94 /* Preview Content */,
				C84A1BE92BF7E74A00E41A94 /* Required */,
			);
			path = "MealDB-DTO";
			sourceTree = "<group>";
		};
		C84A1BE02BF7E73600E41A94 /* Preview Content */ = {
			isa = PBXGroup;
			children = (
				C84A1BE12BF7E73600E41A94 /* Preview Assets.xcassets */,
			);
			path = "Preview Content";
			sourceTree = "<group>";
		};
		C84A1BE92BF7E74A00E41A94 /* Required */ = {
			isa = PBXGroup;
			children = (
				C84A1BDE2BF7E73600E41A94 /* Assets.xcassets */,
				C84A1BE32BF7E73600E41A94 /* MealDB_DTO.entitlements */,
				C84A1BDA2BF7E73500E41A94 /* MealDB_DTOApp.swift */,
			);
			name = Required;
			sourceTree = "<group>";
		};
		C84A1BEA2BF7E76000E41A94 /* Models */ = {
			isa = PBXGroup;
			children = (
				C84A1BF22BF7E7DA00E41A94 /* DTOs */,
				C84A1BEE2BF7E7D100E41A94 /* RecipeDetail.swift */,
				C84A1BF52BF7F7CE00E41A94 /* ViewModel.swift */,
			);
			path = Models;
			sourceTree = "<group>";
		};
		C84A1BEB2BF7E76F00E41A94 /* JSON */ = {
			isa = PBXGroup;
			children = (
				C84A1BEC2BF7E7A100E41A94 /* RecipeDetail.json */,
			);
			path = JSON;
			sourceTree = "<group>";
		};
		C84A1BF22BF7E7DA00E41A94 /* DTOs */ = {
			isa = PBXGroup;
			children = (
				C84A1BF02BF7E7DA00E41A94 /* RecipeDetailDTO.swift */,
				C84A1BF12BF7E7DA00E41A94 /* RecipesDTO.swift */,
			);
			path = DTOs;
			sourceTree = "<group>";
		};
/* End PBXGroup section */

/* Begin PBXNativeTarget section */
		C84A1BD62BF7E73500E41A94 /* MealDB-DTO */ = {
			isa = PBXNativeTarget;
			buildConfigurationList = C84A1BE62BF7E73600E41A94 /* Build configuration list for PBXNativeTarget "MealDB-DTO" */;
			buildPhases = (
				C84A1BD32BF7E73500E41A94 /* Sources */,
				C84A1BD42BF7E73500E41A94 /* Frameworks */,
				C84A1BD52BF7E73500E41A94 /* Resources */,
			);
			buildRules = (
			);
			dependencies = (
			);
			name = "MealDB-DTO";
			productName = "MealDB-DTO";
			productReference = C84A1BD72BF7E73500E41A94 /* MealDB-DTO.app */;
			productType = "com.apple.product-type.application";
		};
/* End PBXNativeTarget section */

/* Begin PBXProject section */
		C84A1BCF2BF7E73500E41A94 /* Project object */ = {
			isa = PBXProject;
			attributes = {
				BuildIndependentTargetsInParallel = 1;
				LastSwiftUpdateCheck = 1540;
				LastUpgradeCheck = 1540;
				TargetAttributes = {
					C84A1BD62BF7E73500E41A94 = {
						CreatedOnToolsVersion = 15.4;
					};
				};
			};
			buildConfigurationList = C84A1BD22BF7E73500E41A94 /* Build configuration list for PBXProject "MealDB-DTO" */;
			compatibilityVersion = "Xcode 14.0";
			developmentRegion = en;
			hasScannedForEncodings = 0;
			knownRegions = (
				en,
				Base,
			);
			mainGroup = C84A1BCE2BF7E73500E41A94;
			productRefGroup = C84A1BD82BF7E73500E41A94 /* Products */;
			projectDirPath = "";
			projectRoot = "";
			targets = (
				C84A1BD62BF7E73500E41A94 /* MealDB-DTO */,
			);
		};
/* End PBXProject section */

/* Begin PBXResourcesBuildPhase section */
		C84A1BD52BF7E73500E41A94 /* Resources */ = {
			isa = PBXResourcesBuildPhase;
			buildActionMask = 2147483647;
			files = (
				C84A1BE22BF7E73600E41A94 /* Preview Assets.xcassets in Resources */,
				C84A1BED2BF7E7A100E41A94 /* RecipeDetail.json in Resources */,
				C84A1BDF2BF7E73600E41A94 /* Assets.xcassets in Resources */,
			);
			runOnlyForDeploymentPostprocessing = 0;
		};
/* End PBXResourcesBuildPhase section */

/* Begin PBXSourcesBuildPhase section */
		C84A1BD32BF7E73500E41A94 /* Sources */ = {
			isa = PBXSourcesBuildPhase;
			buildActionMask = 2147483647;
			files = (
				C84A1BDD2BF7E73500E41A94 /* ContentView.swift in Sources */,
				C84A1BEF2BF7E7D100E41A94 /* RecipeDetail.swift in Sources */,
				C84A1BF32BF7E7DA00E41A94 /* RecipeDetailDTO.swift in Sources */,
				C84A1BF42BF7E7DA00E41A94 /* RecipesDTO.swift in Sources */,
				C84A1BF62BF7F7CE00E41A94 /* ViewModel.swift in Sources */,
				C84A1BDB2BF7E73500E41A94 /* MealDB_DTOApp.swift in Sources */,
			);
			runOnlyForDeploymentPostprocessing = 0;
		};
/* End PBXSourcesBuildPhase section */

/* Begin XCBuildConfiguration section */
		C84A1BE42BF7E73600E41A94 /* Debug */ = {
			isa = XCBuildConfiguration;
			buildSettings = {
				ALWAYS_SEARCH_USER_PATHS = NO;
				ASSETCATALOG_COMPILER_GENERATE_SWIFT_ASSET_SYMBOL_EXTENSIONS = YES;
				CLANG_ANALYZER_NONNULL = YES;
				CLANG_ANALYZER_NUMBER_OBJECT_CONVERSION = YES_AGGRESSIVE;
				CLANG_CXX_LANGUAGE_STANDARD = "gnu++20";
				CLANG_ENABLE_MODULES = YES;
				CLANG_ENABLE_OBJC_ARC = YES;
				CLANG_ENABLE_OBJC_WEAK = YES;
				CLANG_WARN_BLOCK_CAPTURE_AUTORELEASING = YES;
				CLANG_WARN_BOOL_CONVERSION = YES;
				CLANG_WARN_COMMA = YES;
				CLANG_WARN_CONSTANT_CONVERSION = YES;
				CLANG_WARN_DEPRECATED_OBJC_IMPLEMENTATIONS = YES;
				CLANG_WARN_DIRECT_OBJC_ISA_USAGE = YES_ERROR;
				CLANG_WARN_DOCUMENTATION_COMMENTS = YES;
				CLANG_WARN_EMPTY_BODY = YES;
				CLANG_WARN_ENUM_CONVERSION = YES;
				CLANG_WARN_INFINITE_RECURSION = YES;
				CLANG_WARN_INT_CONVERSION = YES;
				CLANG_WARN_NON_LITERAL_NULL_CONVERSION = YES;
				CLANG_WARN_OBJC_IMPLICIT_RETAIN_SELF = YES;
				CLANG_WARN_OBJC_LITERAL_CONVERSION = YES;
				CLANG_WARN_OBJC_ROOT_CLASS = YES_ERROR;
				CLANG_WARN_QUOTED_INCLUDE_IN_FRAMEWORK_HEADER = YES;
				CLANG_WARN_RANGE_LOOP_ANALYSIS = YES;
				CLANG_WARN_STRICT_PROTOTYPES = YES;
				CLANG_WARN_SUSPICIOUS_MOVE = YES;
				CLANG_WARN_UNGUARDED_AVAILABILITY = YES_AGGRESSIVE;
				CLANG_WARN_UNREACHABLE_CODE = YES;
				CLANG_WARN__DUPLICATE_METHOD_MATCH = YES;
				COPY_PHASE_STRIP = NO;
				DEBUG_INFORMATION_FORMAT = dwarf;
				ENABLE_STRICT_OBJC_MSGSEND = YES;
				ENABLE_TESTABILITY = YES;
				ENABLE_USER_SCRIPT_SANDBOXING = YES;
				GCC_C_LANGUAGE_STANDARD = gnu17;
				GCC_DYNAMIC_NO_PIC = NO;
				GCC_NO_COMMON_BLOCKS = YES;
				GCC_OPTIMIZATION_LEVEL = 0;
				GCC_PREPROCESSOR_DEFINITIONS = (
					"DEBUG=1",
					"$(inherited)",
				);
				GCC_WARN_64_TO_32_BIT_CONVERSION = YES;
				GCC_WARN_ABOUT_RETURN_TYPE = YES_ERROR;
				GCC_WARN_UNDECLARED_SELECTOR = YES;
				GCC_WARN_UNINITIALIZED_AUTOS = YES_AGGRESSIVE;
				GCC_WARN_UNUSED_FUNCTION = YES;
				GCC_WARN_UNUSED_VARIABLE = YES;
				LOCALIZATION_PREFERS_STRING_CATALOGS = YES;
				MACOSX_DEPLOYMENT_TARGET = 14.5;
				MTL_ENABLE_DEBUG_INFO = INCLUDE_SOURCE;
				MTL_FAST_MATH = YES;
				ONLY_ACTIVE_ARCH = YES;
				SDKROOT = macosx;
				SWIFT_ACTIVE_COMPILATION_CONDITIONS = "DEBUG $(inherited)";
				SWIFT_OPTIMIZATION_LEVEL = "-Onone";
			};
			name = Debug;
		};
		C84A1BE52BF7E73600E41A94 /* Release */ = {
			isa = XCBuildConfiguration;
			buildSettings = {
				ALWAYS_SEARCH_USER_PATHS = NO;
				ASSETCATALOG_COMPILER_GENERATE_SWIFT_ASSET_SYMBOL_EXTENSIONS = YES;
				CLANG_ANALYZER_NONNULL = YES;
				CLANG_ANALYZER_NUMBER_OBJECT_CONVERSION = YES_AGGRESSIVE;
				CLANG_CXX_LANGUAGE_STANDARD = "gnu++20";
				CLANG_ENABLE_MODULES = YES;
				CLANG_ENABLE_OBJC_ARC = YES;
				CLANG_ENABLE_OBJC_WEAK = YES;
				CLANG_WARN_BLOCK_CAPTURE_AUTORELEASING = YES;
				CLANG_WARN_BOOL_CONVERSION = YES;
				CLANG_WARN_COMMA = YES;
				CLANG_WARN_CONSTANT_CONVERSION = YES;
				CLANG_WARN_DEPRECATED_OBJC_IMPLEMENTATIONS = YES;
				CLANG_WARN_DIRECT_OBJC_ISA_USAGE = YES_ERROR;
				CLANG_WARN_DOCUMENTATION_COMMENTS = YES;
				CLANG_WARN_EMPTY_BODY = YES;
				CLANG_WARN_ENUM_CONVERSION = YES;
				CLANG_WARN_INFINITE_RECURSION = YES;
				CLANG_WARN_INT_CONVERSION = YES;
				CLANG_WARN_NON_LITERAL_NULL_CONVERSION = YES;
				CLANG_WARN_OBJC_IMPLICIT_RETAIN_SELF = YES;
				CLANG_WARN_OBJC_LITERAL_CONVERSION = YES;
				CLANG_WARN_OBJC_ROOT_CLASS = YES_ERROR;
				CLANG_WARN_QUOTED_INCLUDE_IN_FRAMEWORK_HEADER = YES;
				CLANG_WARN_RANGE_LOOP_ANALYSIS = YES;
				CLANG_WARN_STRICT_PROTOTYPES = YES;
				CLANG_WARN_SUSPICIOUS_MOVE = YES;
				CLANG_WARN_UNGUARDED_AVAILABILITY = YES_AGGRESSIVE;
				CLANG_WARN_UNREACHABLE_CODE = YES;
				CLANG_WARN__DUPLICATE_METHOD_MATCH = YES;
				COPY_PHASE_STRIP = NO;
				DEBUG_INFORMATION_FORMAT = "dwarf-with-dsym";
				ENABLE_NS_ASSERTIONS = NO;
				ENABLE_STRICT_OBJC_MSGSEND = YES;
				ENABLE_USER_SCRIPT_SANDBOXING = YES;
				GCC_C_LANGUAGE_STANDARD = gnu17;
				GCC_NO_COMMON_BLOCKS = YES;
				GCC_WARN_64_TO_32_BIT_CONVERSION = YES;
				GCC_WARN_ABOUT_RETURN_TYPE = YES_ERROR;
				GCC_WARN_UNDECLARED_SELECTOR = YES;
				GCC_WARN_UNINITIALIZED_AUTOS = YES_AGGRESSIVE;
				GCC_WARN_UNUSED_FUNCTION = YES;
				GCC_WARN_UNUSED_VARIABLE = YES;
				LOCALIZATION_PREFERS_STRING_CATALOGS = YES;
				MACOSX_DEPLOYMENT_TARGET = 14.5;
				MTL_ENABLE_DEBUG_INFO = NO;
				MTL_FAST_MATH = YES;
				SDKROOT = macosx;
				SWIFT_COMPILATION_MODE = wholemodule;
			};
			name = Release;
		};
		C84A1BE72BF7E73600E41A94 /* Debug */ = {
			isa = XCBuildConfiguration;
			buildSettings = {
				ASSETCATALOG_COMPILER_APPICON_NAME = AppIcon;
				ASSETCATALOG_COMPILER_GLOBAL_ACCENT_COLOR_NAME = AccentColor;
				CODE_SIGN_ENTITLEMENTS = "MealDB-DTO/MealDB_DTO.entitlements";
				CODE_SIGN_STYLE = Manual;
				COMBINE_HIDPI_IMAGES = YES;
				CURRENT_PROJECT_VERSION = 1;
				DEVELOPMENT_ASSET_PATHS = "\"MealDB-DTO/Preview Content\"";
				DEVELOPMENT_TEAM = "";
				ENABLE_HARDENED_RUNTIME = YES;
				ENABLE_PREVIEWS = YES;
				GENERATE_INFOPLIST_FILE = YES;
				INFOPLIST_KEY_NSHumanReadableCopyright = "";
				LD_RUNPATH_SEARCH_PATHS = (
					"$(inherited)",
					"@executable_path/../Frameworks",
				);
				MARKETING_VERSION = 1.0;
				PRODUCT_BUNDLE_IDENTIFIER = "com.random.MealDB-DTO";
				PRODUCT_NAME = "$(TARGET_NAME)";
				PROVISIONING_PROFILE_SPECIFIER = "";
				SUPPORTED_PLATFORMS = macosx;
				SUPPORTS_MACCATALYST = NO;
				SWIFT_EMIT_LOC_STRINGS = YES;
				SWIFT_VERSION = 5.0;
			};
			name = Debug;
		};
		C84A1BE82BF7E73600E41A94 /* Release */ = {
			isa = XCBuildConfiguration;
			buildSettings = {
				ASSETCATALOG_COMPILER_APPICON_NAME = AppIcon;
				ASSETCATALOG_COMPILER_GLOBAL_ACCENT_COLOR_NAME = AccentColor;
				CODE_SIGN_ENTITLEMENTS = "MealDB-DTO/MealDB_DTO.entitlements";
				CODE_SIGN_STYLE = Manual;
				COMBINE_HIDPI_IMAGES = YES;
				CURRENT_PROJECT_VERSION = 1;
				DEVELOPMENT_ASSET_PATHS = "\"MealDB-DTO/Preview Content\"";
				DEVELOPMENT_TEAM = "";
				ENABLE_HARDENED_RUNTIME = YES;
				ENABLE_PREVIEWS = YES;
				GENERATE_INFOPLIST_FILE = YES;
				INFOPLIST_KEY_NSHumanReadableCopyright = "";
				LD_RUNPATH_SEARCH_PATHS = (
					"$(inherited)",
					"@executable_path/../Frameworks",
				);
				MARKETING_VERSION = 1.0;
				PRODUCT_BUNDLE_IDENTIFIER = "com.random.MealDB-DTO";
				PRODUCT_NAME = "$(TARGET_NAME)";
				PROVISIONING_PROFILE_SPECIFIER = "";
				SUPPORTED_PLATFORMS = macosx;
				SUPPORTS_MACCATALYST = NO;
				SWIFT_EMIT_LOC_STRINGS = YES;
				SWIFT_VERSION = 5.0;
			};
			name = Release;
		};
/* End XCBuildConfiguration section */

/* Begin XCConfigurationList section */
		C84A1BD22BF7E73500E41A94 /* Build configuration list for PBXProject "MealDB-DTO" */ = {
			isa = XCConfigurationList;
			buildConfigurations = (
				C84A1BE42BF7E73600E41A94 /* Debug */,
				C84A1BE52BF7E73600E41A94 /* Release */,
			);
			defaultConfigurationIsVisible = 0;
			defaultConfigurationName = Release;
		};
		C84A1BE62BF7E73600E41A94 /* Build configuration list for PBXNativeTarget "MealDB-DTO" */ = {
			isa = XCConfigurationList;
			buildConfigurations = (
				C84A1BE72BF7E73600E41A94 /* Debug */,
				C84A1BE82BF7E73600E41A94 /* Release */,
			);
			defaultConfigurationIsVisible = 0;
			defaultConfigurationName = Release;
		};
/* End XCConfigurationList section */
	};
	rootObject = C84A1BCF2BF7E73500E41A94 /* Project object */;
}
